
Microsoft Visual Studio Solution File, Format Version 12.00
# Visual Studio Version 17
VisualStudioVersion = 17.0.32112.339
MinimumVisualStudioVersion = 10.0.40219.1
Project("{8BC9CEB8-8B4A-11D0-8D11-00A0C91BC942}") = "exercise1", "exercise1\exercise1.vcxproj", "{2C52E2EC-E008-4886-9903-77B16C0765E6}"
EndProject
Project("{8BC9CEB8-8B4A-11D0-8D11-00A0C91BC942}") = "exercise2", "exercise2\exercise2.vcxproj", "{EB7D26A3-C298-4FD6-B5EA-EE6779D095A0}"
EndProject
Project("{8BC9CEB8-8B4A-11D0-8D11-00A0C91BC942}") = "exercise3", "exercise3\exercise3.vcxproj", "{29A74F91-6C11-4D7E-A3F1-99A546E3C3BA}"
EndProject
Project("{8BC9CEB8-8B4A-11D0-8D11-00A0C91BC942}") = "dec2bin", "dec2bin\dec2bin.vcxproj", "{8B783BF6-CB6C-4B77-83CD-EF7C1963F5AE}"
EndProject
Project("{8BC9CEB8-8B4A-11D0-8D11-00A0C91BC942}") = "bin2hex", "bin2hex\bin2hex.vcxproj", "{D4953396-73A8-44AF-8E59-5C3F5319C0B0}"
EndProject
Project("{8BC9CEB8-8B4A-11D0-8D11-00A0C91BC942}") = "exercise5", "exercise5\exercise5.vcxproj", "{1FFA3EE1-38F9-41BE-8634-E7207B0C8213}"
EndProject
Global
	GlobalSection(SolutionConfigurationPlatforms) = preSolution
		Debug|x64 = Debug|x64
		Debug|x86 = Debug|x86
		Release|x64 = Release|x64
		Release|x86 = Release|x86
	EndGlobalSection
	GlobalSection(ProjectConfigurationPlatforms) = postSolution
		{2C52E2EC-E008-4886-9903-77B16C0765E6}.Debug|x64.ActiveCfg = Debug|x64
		{2C52E2EC-E008-4886-9903-77B16C0765E6}.Debug|x64.Build.0 = Debug|x64
		{2C52E2EC-E008-4886-9903-77B16C0765E6}.Debug|x86.ActiveCfg = Debug|Win32
		{2C52E2EC-E008-4886-9903-77B16C0765E6}.Debug|x86.Build.0 = Debug|Win32
		{2C52E2EC-E008-4886-9903-77B16C0765E6}.Release|x64.ActiveCfg = Release|x64
		{2C52E2EC-E008-4886-9903-77B16C0765E6}.Release|x64.Build.0 = Release|x64
		{2C52E2EC-E008-4886-9903-77B16C0765E6}.Release|x86.ActiveCfg = Release|Win32
		{2C52E2EC-E008-4886-9903-77B16C0765E6}.Release|x86.Build.0 = Release|Win32
		{EB7D26A3-C298-4FD6-B5EA-EE6779D095A0}.Debug|x64.ActiveCfg = Debug|x64
		{EB7D26A3-C298-4FD6-B5EA-EE6779D095A0}.Debug|x64.Build.0 = Debug|x64
		{EB7D26A3-C298-4FD6-B5EA-EE6779D095A0}.Debug|x86.ActiveCfg = Debug|Win32
		{EB7D26A3-C298-4FD6-B5EA-EE6779D095A0}.Debug|x86.Build.0 = Debug|Win32
		{EB7D26A3-C298-4FD6-B5EA-EE6779D095A0}.Release|x64.ActiveCfg = Release|x64
		{EB7D26A3-C298-4FD6-B5EA-EE6779D095A0}.Release|x64.Build.0 = Release|x64
		{EB7D26A3-C298-4FD6-B5EA-EE6779D095A0}.Release|x86.ActiveCfg = Release|Win32
		{EB7D26A3-C298-4FD6-B5EA-EE6779D095A0}.Release|x86.Build.0 = Release|Win32
		{29A74F91-6C11-4D7E-A3F1-99A546E3C3BA}.Debug|x64.ActiveCfg = Debug|x64
		{29A74F91-6C11-4D7E-A3F1-99A546E3C3BA}.Debug|x64.Build.0 = Debug|x64
		{29A74F91-6C11-4D7E-A3F1-99A546E3C3BA}.Debug|x86.ActiveCfg = Debug|Win32
		{29A74F91-6C11-4D7E-A3F1-99A546E3C3BA}.Debug|x86.Build.0 = Debug|Win32
		{29A74F91-6C11-4D7E-A3F1-99A546E3C3BA}.Release|x64.ActiveCfg = Release|x64
		{29A74F91-6C11-4D7E-A3F1-99A546E3C3BA}.Release|x64.Build.0 = Release|x64
		{29A74F91-6C11-4D7E-A3F1-99A546E3C3BA}.Release|x86.ActiveCfg = Release|Win32
		{29A74F91-6C11-4D7E-A3F1-99A546E3C3BA}.Release|x86.Build.0 = Release|Win32
		{8B783BF6-CB6C-4B77-83CD-EF7C1963F5AE}.Debug|x64.ActiveCfg = Debug|x64
		{8B783BF6-CB6C-4B77-83CD-EF7C1963F5AE}.Debug|x64.Build.0 = Debug|x64
		{8B783BF6-CB6C-4B77-83CD-EF7C1963F5AE}.Debug|x86.ActiveCfg = Debug|Win32
		{8B783BF6-CB6C-4B77-83CD-EF7C1963F5AE}.Debug|x86.Build.0 = Debug|Win32
		{8B783BF6-CB6C-4B77-83CD-EF7C1963F5AE}.Release|x64.ActiveCfg = Release|x64
		{8B783BF6-CB6C-4B77-83CD-EF7C1963F5AE}.Release|x64.Build.0 = Release|x64
		{8B783BF6-CB6C-4B77-83CD-EF7C1963F5AE}.Release|x86.ActiveCfg = Release|Win32
		{8B783BF6-CB6C-4B77-83CD-EF7C1963F5AE}.Release|x86.Build.0 = Release|Win32
		{D4953396-73A8-44AF-8E59-5C3F5319C0B0}.Debug|x64.ActiveCfg = Debug|x64
		{D4953396-73A8-44AF-8E59-5C3F5319C0B0}.Debug|x64.Build.0 = Debug|x64
		{D4953396-73A8-44AF-8E59-5C3F5319C0B0}.Debug|x86.ActiveCfg = Debug|Win32
		{D4953396-73A8-44AF-8E59-5C3F5319C0B0}.Debug|x86.Build.0 = Debug|Win32
		{D4953396-73A8-44AF-8E59-5C3F5319C0B0}.Release|x64.ActiveCfg = Release|x64
		{D4953396-73A8-44AF-8E59-5C3F5319C0B0}.Release|x64.Build.0 = Release|x64
		{D4953396-73A8-44AF-8E59-5C3F5319C0B0}.Release|x86.ActiveCfg = Release|Win32
		{D4953396-73A8-44AF-8E59-5C3F5319C0B0}.Release|x86.Build.0 = Release|Win32
		{1FFA3EE1-38F9-41BE-8634-E7207B0C8213}.Debug|x64.ActiveCfg = Debug|x64
		{1FFA3EE1-38F9-41BE-8634-E7207B0C8213}.Debug|x64.Build.0 = Debug|x64
		{1FFA3EE1-38F9-41BE-8634-E7207B0C8213}.Debug|x86.ActiveCfg = Debug|Win32
		{1FFA3EE1-38F9-41BE-8634-E7207B0C8213}.Debug|x86.Build.0 = Debug|Win32
		{1FFA3EE1-38F9-41BE-8634-E7207B0C8213}.Release|x64.ActiveCfg = Release|x64
		{1FFA3EE1-38F9-41BE-8634-E7207B0C8213}.Release|x64.Build.0 = Release|x64
		{1FFA3EE1-38F9-41BE-8634-E7207B0C8213}.Release|x86.ActiveCfg = Release|Win32
		{1FFA3EE1-38F9-41BE-8634-E7207B0C8213}.Release|x86.Build.0 = Release|Win32
	EndGlobalSection
	GlobalSection(SolutionProperties) = preSolution
		HideSolutionNode = FALSE
	EndGlobalSection
	GlobalSection(ExtensibilityGlobals) = postSolution
		SolutionGuid = {885A764F-0F26-4A81-83A7-20FD90FCB37F}
	EndGlobalSection
EndGlobal
